{
  "originHash" : "878acce7c95e9774ee43b058d63510f4ad7a7a3a673f5600c415bcc68aad7c3f",
  "pins" : [
    {
      "identity" : "alinfoundation",
      "kind" : "remoteSourceControl",
      "location" : "https://github.com/alienator88/AlinFoundation",
      "state" : {
        "revision" : "f61241c2ea1856ef41cbfc965afe9d756121456f"
      }
    },
    {
      "identity" : "sparkle",
      "kind" : "remoteSourceControl",
      "location" : "https://github.com/sparkle-project/Sparkle",
      "state" : {
        "revision" : "b6496a74a087257ef5e6da1c5b29a447a60f5bd7",
        "version" : "2.9.4"
      }
    },
    {
      "identity" : "swift-argument-parser",
      "kind" : "remoteSourceControl",
      "location" : "https://github.com/apple/swift-argument-parser.git",
      "state" : {
        "revision" : "309a47b2b1d9b5e991f36961c983ecec72275be3",
        "version" : "1.6.1"
      }
    }
  ],
  "version" : 3
}
